
Microsoft Visual Studio Solution File, Format Version 12.00
# Visual Studio Version 17
VisualStudioVersion = 17.14.36401.2 d17.14
MinimumVisualStudioVersion = 10.0.40219.1
Project("{8BC9CEB8-8B4A-11D0-8D11-00A0C91BC942}") = "Week3PracticalTask1", "Week3PracticalTask1\Week3PracticalTask1.vcxproj", "{0592F467-417B-4E16-B0DE-410CF8B2F24A}"
EndProject
Global
	GlobalSection(SolutionConfigurationPlatforms) = preSolution
		Debug|x64 = Debug|x64
		Debug|x86 = Debug|x86
		Release|x64 = Release|x64
		Release|x86 = Release|x86
	EndGlobalSection
	GlobalSection(ProjectConfigurationPlatforms) = postSolution
		{0592F467-417B-4E16-B0DE-410CF8B2F24A}.Debug|x64.ActiveCfg = Debug|x64
		{0592F467-417B-4E16-B0DE-410CF8B2F24A}.Debug|x64.Build.0 = Debug|x64
		{0592F467-417B-4E16-B0DE-410CF8B2F24A}.Debug|x86.ActiveCfg = Debug|Win32
		{0592F467-417B-4E16-B0DE-410CF8B2F24A}.Debug|x86.Build.0 = Debug|Win32
		{0592F467-417B-4E16-B0DE-410CF8B2F24A}.Release|x64.ActiveCfg = Release|x64
		{0592F467-417B-4E16-B0DE-410CF8B2F24A}.Release|x64.Build.0 = Release|x64
		{0592F467-417B-4E16-B0DE-410CF8B2F24A}.Release|x86.ActiveCfg = Release|Win32
		{0592F467-417B-4E16-B0DE-410CF8B2F24A}.Release|x86.Build.0 = Release|Win32
	EndGlobalSection
	GlobalSection(SolutionProperties) = preSolution
		HideSolutionNode = FALSE
	EndGlobalSection
	GlobalSection(ExtensibilityGlobals) = postSolution
		SolutionGuid = {95CA827E-4542-46F1-9E1E-E45D07CFB4BD}
	EndGlobalSection
EndGlobal
